
Microsoft Visual Studio Solution File, Format Version 12.00
# Visual Studio Version 16
VisualStudioVersion = 16.0.29709.97
MinimumVisualStudioVersion = 10.0.40219.1
Project("{FAE04EC0-301F-11D3-BF4B-00C04F79EFBC}") = "SubwayChecker", "SubwayChecker\SubwayChecker.csproj", "{D43A8316-3DF2-4474-BF62-BEA769A36D4F}"
EndProject
Global
	GlobalSection(SolutionConfigurationPlatforms) = preSolution
		Debug|Any CPU = Debug|Any CPU
		Release|Any CPU = Release|Any CPU
	EndGlobalSection
	GlobalSection(ProjectConfigurationPlatforms) = postSolution
		{D43A8316-3DF2-4474-BF62-BEA769A36D4F}.Debug|Any CPU.ActiveCfg = Debug|Any CPU
		{D43A8316-3DF2-4474-BF62-BEA769A36D4F}.Debug|Any CPU.Build.0 = Debug|Any CPU
		{D43A8316-3DF2-4474-BF62-BEA769A36D4F}.Release|Any CPU.ActiveCfg = Release|Any CPU
		{D43A8316-3DF2-4474-BF62-BEA769A36D4F}.Release|Any CPU.Build.0 = Release|Any CPU
	EndGlobalSection
	GlobalSection(SolutionProperties) = preSolution
		HideSolutionNode = FALSE
	EndGlobalSection
	GlobalSection(ExtensibilityGlobals) = postSolution
		SolutionGuid = {1B77FBFE-677F-475D-A39B-4A17718C588D}
	EndGlobalSection
EndGlobal
